
Microsoft Visual Studio Solution File, Format Version 12.00
# Visual Studio 15
VisualStudioVersion = 15.0.28307.1433
MinimumVisualStudioVersion = 10.0.40219.1
Project("{FAE04EC0-301F-11D3-BF4B-00C04F79EFBC}") = "lambda", "lambda\lambda.csproj", "{4CC2E1F0-D939-4C94-8573-0749DDC2B71B}"
EndProject
Global
	GlobalSection(SolutionConfigurationPlatforms) = preSolution
		Debug|Any CPU = Debug|Any CPU
		Release|Any CPU = Release|Any CPU
	EndGlobalSection
	GlobalSection(ProjectConfigurationPlatforms) = postSolution
		{4CC2E1F0-D939-4C94-8573-0749DDC2B71B}.Debug|Any CPU.ActiveCfg = Debug|Any CPU
		{4CC2E1F0-D939-4C94-8573-0749DDC2B71B}.Debug|Any CPU.Build.0 = Debug|Any CPU
		{4CC2E1F0-D939-4C94-8573-0749DDC2B71B}.Release|Any CPU.ActiveCfg = Release|Any CPU
		{4CC2E1F0-D939-4C94-8573-0749DDC2B71B}.Release|Any CPU.Build.0 = Release|Any CPU
	EndGlobalSection
	GlobalSection(SolutionProperties) = preSolution
		HideSolutionNode = FALSE
	EndGlobalSection
	GlobalSection(ExtensibilityGlobals) = postSolution
		SolutionGuid = {BAA56319-3F25-4419-A691-A3B85BF1EDE5}
	EndGlobalSection
EndGlobal
